
Microsoft Visual Studio Solution File, Format Version 12.00
# Visual Studio Version 17
VisualStudioVersion = 17.1.32210.238
MinimumVisualStudioVersion = 10.0.40219.1
Project("{FAE04EC0-301F-11D3-BF4B-00C04F79EFBC}") = "MoneyBackUp", "MoneyBackUp.csproj", "{0C9DB793-0017-4D4C-985E-99D9D2992AF3}"
EndProject
Global
	GlobalSection(SolutionConfigurationPlatforms) = preSolution
		Debug|Any CPU = Debug|Any CPU
		Release|Any CPU = Release|Any CPU
	EndGlobalSection
	GlobalSection(ProjectConfigurationPlatforms) = postSolution
		{0C9DB793-0017-4D4C-985E-99D9D2992AF3}.Debug|Any CPU.ActiveCfg = Debug|Any CPU
		{0C9DB793-0017-4D4C-985E-99D9D2992AF3}.Debug|Any CPU.Build.0 = Debug|Any CPU
		{0C9DB793-0017-4D4C-985E-99D9D2992AF3}.Release|Any CPU.ActiveCfg = Release|Any CPU
		{0C9DB793-0017-4D4C-985E-99D9D2992AF3}.Release|Any CPU.Build.0 = Release|Any CPU
	EndGlobalSection
	GlobalSection(SolutionProperties) = preSolution
		HideSolutionNode = FALSE
	EndGlobalSection
	GlobalSection(ExtensibilityGlobals) = postSolution
		SolutionGuid = {B1587748-5B5F-484D-8781-E049D9540C86}
	EndGlobalSection
EndGlobal
